lockfileVersion: '6.0'

settings:
  autoInstallPeers: true
  excludeLinksFromLockfile: false

devDependencies:
  lemmatizer:
    specifier: ^0.0.1
    version: 0.0.1

packages:

  /en-inflectors@1.0.12:
    resolution: {integrity: sha512-G9wwJMx9DQQzwom8J8e8ErVpI6h/Z5BpYusJCE2Q/2NfgBNYCesyNaCOOskZAhOrw2nmR4D8nYAv4Xv/INIbzw==}
    dependencies:
      en-stemmer: 1.0.3
    dev: true

  /en-lexicon@1.0.11:
    resolution: {integrity: sha512-eanOw9551H6jMRpRK023+Nlss5qnuAi99drXcSUzQySsMrB43teDNbin/AbpOfnemQiTtuZChXYm2kEIR1Mhmg==}
    dependencies:
      en-inflectors: 1.0.12
    dev: true

  /en-stemmer@1.0.3:
    resolution: {integrity: sha512-sBeYsHLqZWACn/mTRLAMdYb/A53s55r4/nCB2UjKK96EBuRQ4t4GKl4V1pW/0hvzdncfYlZRT+JSIRxCtoYqbA==}
    dev: true

  /lemmatizer@0.0.1:
    resolution: {integrity: sha512-OhVYdbBYeCHE0Jea6L8jzbyKzZyZVjq/Aexd7Tv/kQa4TSiXR9HQ7+SgsD/VRzNNEB2sfO5HCx4Czg1fWgibDw==}
    dependencies:
      en-inflectors: 1.0.12
      en-lexicon: 1.0.11
      en-stemmer: 1.0.3
    dev: true
